
Microsoft Visual Studio Solution File, Format Version 12.00
# Visual Studio Version 17
VisualStudioVersion = 17.14.36623.8 d17.14
MinimumVisualStudioVersion = 10.0.40219.1
Project("{FAE04EC0-301F-11D3-BF4B-00C04F79EFBC}") = "FormularioApi", "FormularioApi\FormularioApi.csproj", "{24A801FE-FC69-4C5E-9087-8479555993F2}"
EndProject
Global
	GlobalSection(SolutionConfigurationPlatforms) = preSolution
		Debug|Any CPU = Debug|Any CPU
		Release|Any CPU = Release|Any CPU
	EndGlobalSection
	GlobalSection(ProjectConfigurationPlatforms) = postSolution
		{24A801FE-FC69-4C5E-9087-8479555993F2}.Debug|Any CPU.ActiveCfg = Debug|Any CPU
		{24A801FE-FC69-4C5E-9087-8479555993F2}.Debug|Any CPU.Build.0 = Debug|Any CPU
		{24A801FE-FC69-4C5E-9087-8479555993F2}.Release|Any CPU.ActiveCfg = Release|Any CPU
		{24A801FE-FC69-4C5E-9087-8479555993F2}.Release|Any CPU.Build.0 = Release|Any CPU
	EndGlobalSection
	GlobalSection(SolutionProperties) = preSolution
		HideSolutionNode = FALSE
	EndGlobalSection
	GlobalSection(ExtensibilityGlobals) = postSolution
		SolutionGuid = {AEA800CB-4A69-40B5-9CD3-8143FA7D220A}
	EndGlobalSection
EndGlobal
